
Microsoft Visual Studio Solution File, Format Version 12.00
# Visual Studio Version 16
VisualStudioVersion = 16.0.30204.135
MinimumVisualStudioVersion = 10.0.40219.1
Project("{FAE04EC0-301F-11D3-BF4B-00C04F79EFBC}") = "VendingMachineLib", "VendingMachineLib\VendingMachineLib.csproj", "{7D51EFC7-1D73-4AC3-84FA-6E7D611A0DB5}"
EndProject
Project("{FAE04EC0-301F-11D3-BF4B-00C04F79EFBC}") = "inv", "inv\inv.csproj", "{7F22D15E-E567-478B-B4FC-A293099F5582}"
EndProject
Project("{FAE04EC0-301F-11D3-BF4B-00C04F79EFBC}") = "order", "order\order.csproj", "{978D38C7-A06B-479F-99AD-A2FB4D89B995}"
EndProject
Global
	GlobalSection(SolutionConfigurationPlatforms) = preSolution
		Debug|Any CPU = Debug|Any CPU
		Release|Any CPU = Release|Any CPU
	EndGlobalSection
	GlobalSection(ProjectConfigurationPlatforms) = postSolution
		{7D51EFC7-1D73-4AC3-84FA-6E7D611A0DB5}.Debug|Any CPU.ActiveCfg = Debug|Any CPU
		{7D51EFC7-1D73-4AC3-84FA-6E7D611A0DB5}.Debug|Any CPU.Build.0 = Debug|Any CPU
		{7D51EFC7-1D73-4AC3-84FA-6E7D611A0DB5}.Release|Any CPU.ActiveCfg = Release|Any CPU
		{7D51EFC7-1D73-4AC3-84FA-6E7D611A0DB5}.Release|Any CPU.Build.0 = Release|Any CPU
		{7F22D15E-E567-478B-B4FC-A293099F5582}.Debug|Any CPU.ActiveCfg = Debug|Any CPU
		{7F22D15E-E567-478B-B4FC-A293099F5582}.Debug|Any CPU.Build.0 = Debug|Any CPU
		{7F22D15E-E567-478B-B4FC-A293099F5582}.Release|Any CPU.ActiveCfg = Release|Any CPU
		{7F22D15E-E567-478B-B4FC-A293099F5582}.Release|Any CPU.Build.0 = Release|Any CPU
		{978D38C7-A06B-479F-99AD-A2FB4D89B995}.Debug|Any CPU.ActiveCfg = Debug|Any CPU
		{978D38C7-A06B-479F-99AD-A2FB4D89B995}.Debug|Any CPU.Build.0 = Debug|Any CPU
		{978D38C7-A06B-479F-99AD-A2FB4D89B995}.Release|Any CPU.ActiveCfg = Release|Any CPU
		{978D38C7-A06B-479F-99AD-A2FB4D89B995}.Release|Any CPU.Build.0 = Release|Any CPU
	EndGlobalSection
	GlobalSection(SolutionProperties) = preSolution
		HideSolutionNode = FALSE
	EndGlobalSection
	GlobalSection(ExtensibilityGlobals) = postSolution
		SolutionGuid = {E52BF481-5F51-4E79-9039-61F1C87D2E1A}
	EndGlobalSection
EndGlobal
